
Microsoft Visual Studio Solution File, Format Version 12.00
# Visual Studio 14
VisualStudioVersion = 14.0.25420.1
MinimumVisualStudioVersion = 10.0.40219.1
Project("{FAE04EC0-301F-11D3-BF4B-00C04F79EFBC}") = "UriTest", "UriTest\UriTest.csproj", "{1D828743-369C-446F-B2A7-2C5BF281AB31}"
EndProject
Project("{FAE04EC0-301F-11D3-BF4B-00C04F79EFBC}") = "PictureResourceTest", "PictureResourceTest\PictureResourceTest.csproj", "{F55BCF62-8640-4CC3-B1A3-32FF9600A47E}"
EndProject
Global
	GlobalSection(SolutionConfigurationPlatforms) = preSolution
		Debug|Any CPU = Debug|Any CPU
		Release|Any CPU = Release|Any CPU
	EndGlobalSection
	GlobalSection(ProjectConfigurationPlatforms) = postSolution
		{1D828743-369C-446F-B2A7-2C5BF281AB31}.Debug|Any CPU.ActiveCfg = Debug|Any CPU
		{1D828743-369C-446F-B2A7-2C5BF281AB31}.Debug|Any CPU.Build.0 = Debug|Any CPU
		{1D828743-369C-446F-B2A7-2C5BF281AB31}.Release|Any CPU.ActiveCfg = Release|Any CPU
		{1D828743-369C-446F-B2A7-2C5BF281AB31}.Release|Any CPU.Build.0 = Release|Any CPU
		{F55BCF62-8640-4CC3-B1A3-32FF9600A47E}.Debug|Any CPU.ActiveCfg = Debug|Any CPU
		{F55BCF62-8640-4CC3-B1A3-32FF9600A47E}.Debug|Any CPU.Build.0 = Debug|Any CPU
		{F55BCF62-8640-4CC3-B1A3-32FF9600A47E}.Release|Any CPU.ActiveCfg = Release|Any CPU
		{F55BCF62-8640-4CC3-B1A3-32FF9600A47E}.Release|Any CPU.Build.0 = Release|Any CPU
	EndGlobalSection
	GlobalSection(SolutionProperties) = preSolution
		HideSolutionNode = FALSE
	EndGlobalSection
EndGlobal
